
Microsoft Visual Studio Solution File, Format Version 12.00
# Visual Studio Version 16
VisualStudioVersion = 16.0.31424.327
MinimumVisualStudioVersion = 10.0.40219.1
Project("{FAE04EC0-301F-11D3-BF4B-00C04F79EFBC}") = "Datatype0705_GUI_002", "Datatype0705_GUI_002\Datatype0705_GUI_002.csproj", "{90C71D67-CAE8-4772-82BA-0BDECAA9D32F}"
EndProject
Global
	GlobalSection(SolutionConfigurationPlatforms) = preSolution
		Debug|Any CPU = Debug|Any CPU
		Release|Any CPU = Release|Any CPU
	EndGlobalSection
	GlobalSection(ProjectConfigurationPlatforms) = postSolution
		{90C71D67-CAE8-4772-82BA-0BDECAA9D32F}.Debug|Any CPU.ActiveCfg = Debug|Any CPU
		{90C71D67-CAE8-4772-82BA-0BDECAA9D32F}.Debug|Any CPU.Build.0 = Debug|Any CPU
		{90C71D67-CAE8-4772-82BA-0BDECAA9D32F}.Release|Any CPU.ActiveCfg = Release|Any CPU
		{90C71D67-CAE8-4772-82BA-0BDECAA9D32F}.Release|Any CPU.Build.0 = Release|Any CPU
	EndGlobalSection
	GlobalSection(SolutionProperties) = preSolution
		HideSolutionNode = FALSE
	EndGlobalSection
	GlobalSection(ExtensibilityGlobals) = postSolution
		SolutionGuid = {1D5DFB0B-0EA2-4C39-90FA-E43FBAAB18D9}
	EndGlobalSection
EndGlobal
