
Microsoft Visual Studio Solution File, Format Version 12.00
# Visual Studio Version 16
VisualStudioVersion = 16.0.31424.327
MinimumVisualStudioVersion = 10.0.40219.1
Project("{FAE04EC0-301F-11D3-BF4B-00C04F79EFBC}") = "Class0723", "Class0723\Class0723.csproj", "{AA21278F-220B-4C51-9B90-A172D52232DC}"
EndProject
Project("{FAE04EC0-301F-11D3-BF4B-00C04F79EFBC}") = "Class0723_01", "Class0723_01\Class0723_01.csproj", "{C821D8F4-A298-40A7-9685-515770BAEB67}"
EndProject
Project("{FAE04EC0-301F-11D3-BF4B-00C04F79EFBC}") = "Class0723_02_library_management", "Class0723_02_library_management\Class0723_02_library_management.csproj", "{A0501250-C3B5-4D1A-8794-3BD36E6B7194}"
EndProject
Project("{FAE04EC0-301F-11D3-BF4B-00C04F79EFBC}") = "Class0723_03_vehicle", "Class_03_vehicle\Class0723_03_vehicle.csproj", "{5AFE7255-1BAF-4AD2-92A6-2F8AC8A893B6}"
EndProject
Project("{FAE04EC0-301F-11D3-BF4B-00C04F79EFBC}") = "Class0723_04_Park_management_SWL31.carApp", "Class0723_04_Park_management\Class0723_04_Park_management_SWL31.carApp.csproj", "{C090BE5C-7FD3-48E4-8182-B08E64365E8B}"
EndProject
Global
	GlobalSection(SolutionConfigurationPlatforms) = preSolution
		Debug|Any CPU = Debug|Any CPU
		Release|Any CPU = Release|Any CPU
	EndGlobalSection
	GlobalSection(ProjectConfigurationPlatforms) = postSolution
		{AA21278F-220B-4C51-9B90-A172D52232DC}.Debug|Any CPU.ActiveCfg = Debug|Any CPU
		{AA21278F-220B-4C51-9B90-A172D52232DC}.Debug|Any CPU.Build.0 = Debug|Any CPU
		{AA21278F-220B-4C51-9B90-A172D52232DC}.Release|Any CPU.ActiveCfg = Release|Any CPU
		{AA21278F-220B-4C51-9B90-A172D52232DC}.Release|Any CPU.Build.0 = Release|Any CPU
		{C821D8F4-A298-40A7-9685-515770BAEB67}.Debug|Any CPU.ActiveCfg = Debug|Any CPU
		{C821D8F4-A298-40A7-9685-515770BAEB67}.Debug|Any CPU.Build.0 = Debug|Any CPU
		{C821D8F4-A298-40A7-9685-515770BAEB67}.Release|Any CPU.ActiveCfg = Release|Any CPU
		{C821D8F4-A298-40A7-9685-515770BAEB67}.Release|Any CPU.Build.0 = Release|Any CPU
		{A0501250-C3B5-4D1A-8794-3BD36E6B7194}.Debug|Any CPU.ActiveCfg = Debug|Any CPU
		{A0501250-C3B5-4D1A-8794-3BD36E6B7194}.Debug|Any CPU.Build.0 = Debug|Any CPU
		{A0501250-C3B5-4D1A-8794-3BD36E6B7194}.Release|Any CPU.ActiveCfg = Release|Any CPU
		{A0501250-C3B5-4D1A-8794-3BD36E6B7194}.Release|Any CPU.Build.0 = Release|Any CPU
		{5AFE7255-1BAF-4AD2-92A6-2F8AC8A893B6}.Debug|Any CPU.ActiveCfg = Debug|Any CPU
		{5AFE7255-1BAF-4AD2-92A6-2F8AC8A893B6}.Debug|Any CPU.Build.0 = Debug|Any CPU
		{5AFE7255-1BAF-4AD2-92A6-2F8AC8A893B6}.Release|Any CPU.ActiveCfg = Release|Any CPU
		{5AFE7255-1BAF-4AD2-92A6-2F8AC8A893B6}.Release|Any CPU.Build.0 = Release|Any CPU
		{C090BE5C-7FD3-48E4-8182-B08E64365E8B}.Debug|Any CPU.ActiveCfg = Debug|Any CPU
		{C090BE5C-7FD3-48E4-8182-B08E64365E8B}.Debug|Any CPU.Build.0 = Debug|Any CPU
		{C090BE5C-7FD3-48E4-8182-B08E64365E8B}.Release|Any CPU.ActiveCfg = Release|Any CPU
		{C090BE5C-7FD3-48E4-8182-B08E64365E8B}.Release|Any CPU.Build.0 = Release|Any CPU
	EndGlobalSection
	GlobalSection(SolutionProperties) = preSolution
		HideSolutionNode = FALSE
	EndGlobalSection
	GlobalSection(ExtensibilityGlobals) = postSolution
		SolutionGuid = {8EF6A259-646F-41D7-8E64-AD26DE774E8C}
	EndGlobalSection
EndGlobal
