
Microsoft Visual Studio Solution File, Format Version 12.00
# Visual Studio Version 16
VisualStudioVersion = 16.0.31424.327
MinimumVisualStudioVersion = 10.0.40219.1
Project("{FAE04EC0-301F-11D3-BF4B-00C04F79EFBC}") = "View_structure_0811", "View_structure_0811\View_structure_0811.csproj", "{C7945364-DB9E-4B6E-9E6D-A52A4F73C2DD}"
EndProject
Global
	GlobalSection(SolutionConfigurationPlatforms) = preSolution
		Debug|Any CPU = Debug|Any CPU
		Release|Any CPU = Release|Any CPU
	EndGlobalSection
	GlobalSection(ProjectConfigurationPlatforms) = postSolution
		{C7945364-DB9E-4B6E-9E6D-A52A4F73C2DD}.Debug|Any CPU.ActiveCfg = Debug|Any CPU
		{C7945364-DB9E-4B6E-9E6D-A52A4F73C2DD}.Debug|Any CPU.Build.0 = Debug|Any CPU
		{C7945364-DB9E-4B6E-9E6D-A52A4F73C2DD}.Release|Any CPU.ActiveCfg = Release|Any CPU
		{C7945364-DB9E-4B6E-9E6D-A52A4F73C2DD}.Release|Any CPU.Build.0 = Release|Any CPU
	EndGlobalSection
	GlobalSection(SolutionProperties) = preSolution
		HideSolutionNode = FALSE
	EndGlobalSection
	GlobalSection(ExtensibilityGlobals) = postSolution
		SolutionGuid = {8C015C39-B2DD-41A3-8BEE-0FB053F7737D}
	EndGlobalSection
EndGlobal
