
Microsoft Visual Studio Solution File, Format Version 12.00
# Visual Studio Version 16
VisualStudioVersion = 16.0.31424.327
MinimumVisualStudioVersion = 10.0.40219.1
Project("{FAE04EC0-301F-11D3-BF4B-00C04F79EFBC}") = "Class0728_Motor", "Class0727_03_Winform\Class0728_Motor.csproj", "{5CB743D6-ED8D-4B55-AF3F-9B120400E49A}"
EndProject
Global
	GlobalSection(SolutionConfigurationPlatforms) = preSolution
		Debug|Any CPU = Debug|Any CPU
		Release|Any CPU = Release|Any CPU
	EndGlobalSection
	GlobalSection(ProjectConfigurationPlatforms) = postSolution
		{5CB743D6-ED8D-4B55-AF3F-9B120400E49A}.Debug|Any CPU.ActiveCfg = Debug|Any CPU
		{5CB743D6-ED8D-4B55-AF3F-9B120400E49A}.Debug|Any CPU.Build.0 = Debug|Any CPU
		{5CB743D6-ED8D-4B55-AF3F-9B120400E49A}.Release|Any CPU.ActiveCfg = Release|Any CPU
		{5CB743D6-ED8D-4B55-AF3F-9B120400E49A}.Release|Any CPU.Build.0 = Release|Any CPU
	EndGlobalSection
	GlobalSection(SolutionProperties) = preSolution
		HideSolutionNode = FALSE
	EndGlobalSection
	GlobalSection(ExtensibilityGlobals) = postSolution
		SolutionGuid = {DBFCA932-E23A-486F-9D25-CBE6E30A5496}
	EndGlobalSection
EndGlobal
